
Microsoft Visual Studio Solution File, Format Version 12.00
# Visual Studio Version 16
VisualStudioVersion = 16.0.31515.178
MinimumVisualStudioVersion = 10.0.40219.1
Project("{FAE04EC0-301F-11D3-BF4B-00C04F79EFBC}") = "Exercise01", "Exercise01\Exercise01.csproj", "{ECC35AF8-15F3-4265-98B0-B4976F9FC2E8}"
EndProject
Project("{2150E333-8FDC-42A3-9474-1A3956D46DE8}") = "Solution Items", "Solution Items", "{5E961063-5CBD-44F3-9D49-863C250918DA}"
EndProject
Global
	GlobalSection(SolutionConfigurationPlatforms) = preSolution
		Debug|Any CPU = Debug|Any CPU
		Release|Any CPU = Release|Any CPU
	EndGlobalSection
	GlobalSection(ProjectConfigurationPlatforms) = postSolution
		{ECC35AF8-15F3-4265-98B0-B4976F9FC2E8}.Debug|Any CPU.ActiveCfg = Debug|Any CPU
		{ECC35AF8-15F3-4265-98B0-B4976F9FC2E8}.Debug|Any CPU.Build.0 = Debug|Any CPU
		{ECC35AF8-15F3-4265-98B0-B4976F9FC2E8}.Release|Any CPU.ActiveCfg = Release|Any CPU
		{ECC35AF8-15F3-4265-98B0-B4976F9FC2E8}.Release|Any CPU.Build.0 = Release|Any CPU
	EndGlobalSection
	GlobalSection(SolutionProperties) = preSolution
		HideSolutionNode = FALSE
	EndGlobalSection
	GlobalSection(ExtensibilityGlobals) = postSolution
		SolutionGuid = {EDEDDC08-D7EB-4AEB-B460-1A985B917ADF}
	EndGlobalSection
EndGlobal
